// !$*UTF8*$!
{
	archiveVersion = 1;
	classes = {
	};
	objectVersion = 50;
	objects = {

/* Begin PBXBuildFile section */
		9502A4ED24634A1300E1E7BE /* pennies for pay.cpp in Sources */ = {isa = PBXBuildFile; fileRef = 9502A4EC24634A1300E1E7BE /* pennies for pay.cpp */; };
		9502A4EF246373F100E1E7BE /* Square display.cpp in Sources */ = {isa = PBXBuildFile; fileRef = 9502A4EE246373F100E1E7BE /* Square display.cpp */; };
		9502A4F124637B3D00E1E7BE /* Star Display.cpp in Sources */ = {isa = PBXBuildFile; fileRef = 9502A4F024637B3D00E1E7BE /* Star Display.cpp */; };
		9508FBC1246080F400DB5020 /* Chap5.8_WriteToFile.cpp in Sources */ = {isa = PBXBuildFile; fileRef = 9508FBC0246080F400DB5020 /* Chap5.8_WriteToFile.cpp */; };
		9512295F244DFFF500A375AA /* quiz_8.cpp in Sources */ = {isa = PBXBuildFile; fileRef = 9512295E244DFFF500A375AA /* quiz_8.cpp */; };
		952927F5245756FA00F229C0 /* quiz_11.cpp in Sources */ = {isa = PBXBuildFile; fileRef = 952927F4245756FA00F229C0 /* quiz_11.cpp */; };
		952927F92458AABF00F229C0 /* Chap5_RunningTotal.cpp in Sources */ = {isa = PBXBuildFile; fileRef = 952927F62458AABF00F229C0 /* Chap5_RunningTotal.cpp */; };
		952927FA2458AABF00F229C0 /* Chap5.2_user_controled_do_while.cpp in Sources */ = {isa = PBXBuildFile; fileRef = 952927F72458AABF00F229C0 /* Chap5.2_user_controled_do_while.cpp */; };
		952927FB2458AABF00F229C0 /* Chap5.3_Sentinel.cpp in Sources */ = {isa = PBXBuildFile; fileRef = 952927F82458AABF00F229C0 /* Chap5.3_Sentinel.cpp */; };
		952927FD2458B45500F229C0 /* quiz_12.cpp in Sources */ = {isa = PBXBuildFile; fileRef = 952927FC2458B45500F229C0 /* quiz_12.cpp */; };
		95328704244F908600190F1B /* quiz_9.cpp in Sources */ = {isa = PBXBuildFile; fileRef = 95328703244F908600190F1B /* quiz_9.cpp */; };
		9543858B2452117C00734A26 /* Chap4.7_ConditionalOperator2.cpp in Sources */ = {isa = PBXBuildFile; fileRef = 9543858A2452117C00734A26 /* Chap4.7_ConditionalOperator2.cpp */; };
		9543858E2452245E00734A26 /* SoftwareSales.cpp in Sources */ = {isa = PBXBuildFile; fileRef = 9543858D2452245E00734A26 /* SoftwareSales.cpp */; };
		954385902452247300734A26 /* daysInAMonth.cpp in Sources */ = {isa = PBXBuildFile; fileRef = 9543858F2452247300734A26 /* daysInAMonth.cpp */; };
		954385922452248400734A26 /* bankCharges.cpp in Sources */ = {isa = PBXBuildFile; fileRef = 954385912452248400734A26 /* bankCharges.cpp */; };
		95438594245224AA00734A26 /* geometryCalculator.cpp in Sources */ = {isa = PBXBuildFile; fileRef = 95438593245224AA00734A26 /* geometryCalculator.cpp */; };
		95438596245224C200734A26 /* mobileServiceProviderPt1.cpp in Sources */ = {isa = PBXBuildFile; fileRef = 95438595245224C200734A26 /* mobileServiceProviderPt1.cpp */; };
		95438598245224EE00734A26 /* mobileServiceProviderPt2.cpp in Sources */ = {isa = PBXBuildFile; fileRef = 95438597245224EE00734A26 /* mobileServiceProviderPt2.cpp */; };
		956C6154245206FC00C422D3 /* Chap4.7_Conditional Operator.cpp in Sources */ = {isa = PBXBuildFile; fileRef = 956C6153245206FC00C422D3 /* Chap4.7_Conditional Operator.cpp */; };
		956C61562452070200C422D3 /* Chap4.8_UserInputValidation.cpp in Sources */ = {isa = PBXBuildFile; fileRef = 956C61552452070200C422D3 /* Chap4.8_UserInputValidation.cpp */; };
		957FB8902461E00400E8CFE3 /* Chap5.9_TestFileOpen.cpp in Sources */ = {isa = PBXBuildFile; fileRef = 957FB88F2461E00400E8CFE3 /* Chap5.9_TestFileOpen.cpp */; };
		957FB8932461E6B000E8CFE3 /* quiz_16.cpp in Sources */ = {isa = PBXBuildFile; fileRef = 957FB8922461E6B000E8CFE3 /* quiz_16.cpp */; };
		959FE94B2459F2CB00A093A4 /* Chap5.5_User_controled_for.cpp in Sources */ = {isa = PBXBuildFile; fileRef = 959FE9482459F2CA00A093A4 /* Chap5.5_User_controled_for.cpp */; };
		959FE94C2459F2CB00A093A4 /* Chap5.6_for_loop_accumulator.cpp in Sources */ = {isa = PBXBuildFile; fileRef = 959FE9492459F2CA00A093A4 /* Chap5.6_for_loop_accumulator.cpp */; };
		959FE94D2459F2CB00A093A4 /* Chap5.4_for_loop.cpp in Sources */ = {isa = PBXBuildFile; fileRef = 959FE94A2459F2CB00A093A4 /* Chap5.4_for_loop.cpp */; };
		95B86918245C997F0024960D /* quiz_14.cpp in Sources */ = {isa = PBXBuildFile; fileRef = 95B86917245C997F0024960D /* quiz_14.cpp */; };
		95B8691A245C9A280024960D /* Chap5.7_NestedLoop.cpp in Sources */ = {isa = PBXBuildFile; fileRef = 95B86919245C9A280024960D /* Chap5.7_NestedLoop.cpp */; };
		95BF94D82449F819004C8113 /* quiz_7.cpp in Sources */ = {isa = PBXBuildFile; fileRef = 95BF94D72449F819004C8113 /* quiz_7.cpp */; };
		95CFF2C92459E9C20057666A /* quiz_13.cpp in Sources */ = {isa = PBXBuildFile; fileRef = 95CFF2C82459E9C20057666A /* quiz_13.cpp */; };
		95E192272450FF3000F05A97 /* quiz_10.cpp in Sources */ = {isa = PBXBuildFile; fileRef = 95E192262450FF3000F05A97 /* quiz_10.cpp */; };
		95E34D962462228C009084E1 /* ocean levels.cpp in Sources */ = {isa = PBXBuildFile; fileRef = 95E34D952462228C009084E1 /* ocean levels.cpp */; };
		95EC987724609904003364FF /* quiz_15.cpp in Sources */ = {isa = PBXBuildFile; fileRef = 95EC987624609904003364FF /* quiz_15.cpp */; };
		95F3F0A524623F1B00D8FB2E /* Using Files - Numeric Processing.cpp in Sources */ = {isa = PBXBuildFile; fileRef = 95F3F0A424623F1B00D8FB2E /* Using Files - Numeric Processing.cpp */; };
/* End PBXBuildFile section */

/* Begin PBXCopyFilesBuildPhase section */
		95BF94D22449F819004C8113 /* CopyFiles */ = {
			isa = PBXCopyFilesBuildPhase;
			buildActionMask = 2147483647;
			dstPath = /usr/share/man/man1/;
			dstSubfolderSpec = 0;
			files = (
			);
			runOnlyForDeploymentPostprocessing = 1;
		};
/* End PBXCopyFilesBuildPhase section */

/* Begin PBXFileReference section */
		9502A4EC24634A1300E1E7BE /* pennies for pay.cpp */ = {isa = PBXFileReference; lastKnownFileType = sourcecode.cpp.cpp; path = "pennies for pay.cpp"; sourceTree = "<group>"; };
		9502A4EE246373F100E1E7BE /* Square display.cpp */ = {isa = PBXFileReference; lastKnownFileType = sourcecode.cpp.cpp; path = "Square display.cpp"; sourceTree = "<group>"; };
		9502A4F024637B3D00E1E7BE /* Star Display.cpp */ = {isa = PBXFileReference; lastKnownFileType = sourcecode.cpp.cpp; path = "Star Display.cpp"; sourceTree = "<group>"; };
		9508FBC0246080F400DB5020 /* Chap5.8_WriteToFile.cpp */ = {isa = PBXFileReference; fileEncoding = 4; lastKnownFileType = sourcecode.cpp.cpp; path = Chap5.8_WriteToFile.cpp; sourceTree = "<group>"; };
		9512295E244DFFF500A375AA /* quiz_8.cpp */ = {isa = PBXFileReference; lastKnownFileType = sourcecode.cpp.cpp; path = quiz_8.cpp; sourceTree = "<group>"; };
		952927F4245756FA00F229C0 /* quiz_11.cpp */ = {isa = PBXFileReference; lastKnownFileType = sourcecode.cpp.cpp; path = quiz_11.cpp; sourceTree = "<group>"; };
		952927F62458AABF00F229C0 /* Chap5_RunningTotal.cpp */ = {isa = PBXFileReference; fileEncoding = 4; lastKnownFileType = sourcecode.cpp.cpp; path = Chap5_RunningTotal.cpp; sourceTree = "<group>"; };
		952927F72458AABF00F229C0 /* Chap5.2_user_controled_do_while.cpp */ = {isa = PBXFileReference; fileEncoding = 4; lastKnownFileType = sourcecode.cpp.cpp; path = Chap5.2_user_controled_do_while.cpp; sourceTree = "<group>"; };
		952927F82458AABF00F229C0 /* Chap5.3_Sentinel.cpp */ = {isa = PBXFileReference; fileEncoding = 4; lastKnownFileType = sourcecode.cpp.cpp; path = Chap5.3_Sentinel.cpp; sourceTree = "<group>"; };
		952927FC2458B45500F229C0 /* quiz_12.cpp */ = {isa = PBXFileReference; lastKnownFileType = sourcecode.cpp.cpp; path = quiz_12.cpp; sourceTree = "<group>"; };
		95328703244F908600190F1B /* quiz_9.cpp */ = {isa = PBXFileReference; lastKnownFileType = sourcecode.cpp.cpp; path = quiz_9.cpp; sourceTree = "<group>"; };
		9543858A2452117C00734A26 /* Chap4.7_ConditionalOperator2.cpp */ = {isa = PBXFileReference; fileEncoding = 4; lastKnownFileType = sourcecode.cpp.cpp; path = Chap4.7_ConditionalOperator2.cpp; sourceTree = "<group>"; };
		9543858D2452245E00734A26 /* SoftwareSales.cpp */ = {isa = PBXFileReference; lastKnownFileType = sourcecode.cpp.cpp; path = SoftwareSales.cpp; sourceTree = "<group>"; };
		9543858F2452247300734A26 /* daysInAMonth.cpp */ = {isa = PBXFileReference; lastKnownFileType = sourcecode.cpp.cpp; path = daysInAMonth.cpp; sourceTree = "<group>"; };
		954385912452248400734A26 /* bankCharges.cpp */ = {isa = PBXFileReference; lastKnownFileType = sourcecode.cpp.cpp; path = bankCharges.cpp; sourceTree = "<group>"; };
		95438593245224AA00734A26 /* geometryCalculator.cpp */ = {isa = PBXFileReference; lastKnownFileType = sourcecode.cpp.cpp; path = geometryCalculator.cpp; sourceTree = "<group>"; };
		95438595245224C200734A26 /* mobileServiceProviderPt1.cpp */ = {isa = PBXFileReference; lastKnownFileType = sourcecode.cpp.cpp; path = mobileServiceProviderPt1.cpp; sourceTree = "<group>"; };
		95438597245224EE00734A26 /* mobileServiceProviderPt2.cpp */ = {isa = PBXFileReference; lastKnownFileType = sourcecode.cpp.cpp; path = mobileServiceProviderPt2.cpp; sourceTree = "<group>"; };
		956C6153245206FC00C422D3 /* Chap4.7_Conditional Operator.cpp */ = {isa = PBXFileReference; fileEncoding = 4; lastKnownFileType = sourcecode.cpp.cpp; path = "Chap4.7_Conditional Operator.cpp"; sourceTree = "<group>"; };
		956C61552452070200C422D3 /* Chap4.8_UserInputValidation.cpp */ = {isa = PBXFileReference; fileEncoding = 4; lastKnownFileType = sourcecode.cpp.cpp; path = Chap4.8_UserInputValidation.cpp; sourceTree = "<group>"; };
		957FB88F2461E00400E8CFE3 /* Chap5.9_TestFileOpen.cpp */ = {isa = PBXFileReference; fileEncoding = 4; lastKnownFileType = sourcecode.cpp.cpp; path = Chap5.9_TestFileOpen.cpp; sourceTree = "<group>"; };
		957FB8912461E00900E8CFE3 /* BadListOfNumbers.txt */ = {isa = PBXFileReference; lastKnownFileType = text; path = BadListOfNumbers.txt; sourceTree = "<group>"; };
		957FB8922461E6B000E8CFE3 /* quiz_16.cpp */ = {isa = PBXFileReference; lastKnownFileType = sourcecode.cpp.cpp; path = quiz_16.cpp; sourceTree = "<group>"; };
		957FB8942461EB7100E8CFE3 /* Random.txt */ = {isa = PBXFileReference; lastKnownFileType = text; path = Random.txt; sourceTree = "<group>"; };
		959FE9482459F2CA00A093A4 /* Chap5.5_User_controled_for.cpp */ = {isa = PBXFileReference; fileEncoding = 4; lastKnownFileType = sourcecode.cpp.cpp; path = Chap5.5_User_controled_for.cpp; sourceTree = "<group>"; };
		959FE9492459F2CA00A093A4 /* Chap5.6_for_loop_accumulator.cpp */ = {isa = PBXFileReference; fileEncoding = 4; lastKnownFileType = sourcecode.cpp.cpp; path = Chap5.6_for_loop_accumulator.cpp; sourceTree = "<group>"; };
		959FE94A2459F2CB00A093A4 /* Chap5.4_for_loop.cpp */ = {isa = PBXFileReference; fileEncoding = 4; lastKnownFileType = sourcecode.cpp.cpp; path = Chap5.4_for_loop.cpp; sourceTree = "<group>"; };
		95B86917245C997F0024960D /* quiz_14.cpp */ = {isa = PBXFileReference; lastKnownFileType = sourcecode.cpp.cpp; path = quiz_14.cpp; sourceTree = "<group>"; };
		95B86919245C9A280024960D /* Chap5.7_NestedLoop.cpp */ = {isa = PBXFileReference; fileEncoding = 4; lastKnownFileType = sourcecode.cpp.cpp; path = Chap5.7_NestedLoop.cpp; sourceTree = "<group>"; };
		95BF94D42449F819004C8113 /* CPP Course */ = {isa = PBXFileReference; explicitFileType = "compiled.mach-o.executable"; includeInIndex = 0; path = "CPP Course"; sourceTree = BUILT_PRODUCTS_DIR; };
		95BF94D72449F819004C8113 /* quiz_7.cpp */ = {isa = PBXFileReference; lastKnownFileType = sourcecode.cpp.cpp; path = quiz_7.cpp; sourceTree = "<group>"; };
		95CFF2C82459E9C20057666A /* quiz_13.cpp */ = {isa = PBXFileReference; lastKnownFileType = sourcecode.cpp.cpp; path = quiz_13.cpp; sourceTree = "<group>"; };
		95E192262450FF3000F05A97 /* quiz_10.cpp */ = {isa = PBXFileReference; lastKnownFileType = sourcecode.cpp.cpp; path = quiz_10.cpp; sourceTree = "<group>"; };
		95E34D952462228C009084E1 /* ocean levels.cpp */ = {isa = PBXFileReference; lastKnownFileType = sourcecode.cpp.cpp; path = "ocean levels.cpp"; sourceTree = "<group>"; };
		95EC98752460975F003364FF /* Friends.txt */ = {isa = PBXFileReference; fileEncoding = 4; lastKnownFileType = text; name = Friends.txt; path = "CPP Course/Quizzes/Friends.txt"; sourceTree = SOURCE_ROOT; };
		95EC987624609904003364FF /* quiz_15.cpp */ = {isa = PBXFileReference; lastKnownFileType = sourcecode.cpp.cpp; path = quiz_15.cpp; sourceTree = "<group>"; };
		95F3F0A224623EEB00D8FB2E /* People.txt */ = {isa = PBXFileReference; lastKnownFileType = text; path = People.txt; sourceTree = "<group>"; };
		95F3F0A324623EEB00D8FB2E /* Random.txt */ = {isa = PBXFileReference; lastKnownFileType = text; path = Random.txt; sourceTree = "<group>"; };
		95F3F0A424623F1B00D8FB2E /* Using Files - Numeric Processing.cpp */ = {isa = PBXFileReference; lastKnownFileType = sourcecode.cpp.cpp; path = "Using Files - Numeric Processing.cpp"; sourceTree = "<group>"; };
/* End PBXFileReference section */

/* Begin PBXFrameworksBuildPhase section */
		95BF94D12449F819004C8113 /* Frameworks */ = {
			isa = PBXFrameworksBuildPhase;
			buildActionMask = 2147483647;
			files = (
			);
			runOnlyForDeploymentPostprocessing = 0;
		};
/* End PBXFrameworksBuildPhase section */

/* Begin PBXGroup section */
		9543858C24521A3800734A26 /* Homework # 3 */ = {
			isa = PBXGroup;
			children = (
				9543858D2452245E00734A26 /* SoftwareSales.cpp */,
				9543858F2452247300734A26 /* daysInAMonth.cpp */,
				954385912452248400734A26 /* bankCharges.cpp */,
				95438593245224AA00734A26 /* geometryCalculator.cpp */,
				95438595245224C200734A26 /* mobileServiceProviderPt1.cpp */,
				95438597245224EE00734A26 /* mobileServiceProviderPt2.cpp */,
			);
			path = "Homework # 3";
			sourceTree = "<group>";
		};
		95BF94CB2449F819004C8113 = {
			isa = PBXGroup;
			children = (
				95BF94D62449F819004C8113 /* CPP Course */,
				95BF94D52449F819004C8113 /* Products */,
			);
			sourceTree = "<group>";
		};
		95BF94D52449F819004C8113 /* Products */ = {
			isa = PBXGroup;
			children = (
				95BF94D42449F819004C8113 /* CPP Course */,
			);
			name = Products;
			sourceTree = "<group>";
		};
		95BF94D62449F819004C8113 /* CPP Course */ = {
			isa = PBXGroup;
			children = (
				95BF94E0244A1C4D004C8113 /* Notes */,
				95BF94DF244A1C3D004C8113 /* Homework */,
				95BF94DE244A1C08004C8113 /* Quizzes */,
			);
			path = "CPP Course";
			sourceTree = "<group>";
		};
		95BF94DE244A1C08004C8113 /* Quizzes */ = {
			isa = PBXGroup;
			children = (
				957FB8912461E00900E8CFE3 /* BadListOfNumbers.txt */,
				95BF94D72449F819004C8113 /* quiz_7.cpp */,
				9512295E244DFFF500A375AA /* quiz_8.cpp */,
				95328703244F908600190F1B /* quiz_9.cpp */,
				95E192262450FF3000F05A97 /* quiz_10.cpp */,
				952927F4245756FA00F229C0 /* quiz_11.cpp */,
				952927FC2458B45500F229C0 /* quiz_12.cpp */,
				95CFF2C82459E9C20057666A /* quiz_13.cpp */,
				95B86917245C997F0024960D /* quiz_14.cpp */,
				95EC987624609904003364FF /* quiz_15.cpp */,
				957FB8942461EB7100E8CFE3 /* Random.txt */,
				957FB8922461E6B000E8CFE3 /* quiz_16.cpp */,
			);
			path = Quizzes;
			sourceTree = "<group>";
		};
		95BF94DF244A1C3D004C8113 /* Homework */ = {
			isa = PBXGroup;
			children = (
				95E34D942462225F009084E1 /* Homework #4 */,
				9543858C24521A3800734A26 /* Homework # 3 */,
			);
			path = Homework;
			sourceTree = "<group>";
		};
		95BF94E0244A1C4D004C8113 /* Notes */ = {
			isa = PBXGroup;
			children = (
				957FB88F2461E00400E8CFE3 /* Chap5.9_TestFileOpen.cpp */,
				9508FBC0246080F400DB5020 /* Chap5.8_WriteToFile.cpp */,
				95EC98752460975F003364FF /* Friends.txt */,
				95B86919245C9A280024960D /* Chap5.7_NestedLoop.cpp */,
				959FE94A2459F2CB00A093A4 /* Chap5.4_for_loop.cpp */,
				959FE9482459F2CA00A093A4 /* Chap5.5_User_controled_for.cpp */,
				959FE9492459F2CA00A093A4 /* Chap5.6_for_loop_accumulator.cpp */,
				952927F62458AABF00F229C0 /* Chap5_RunningTotal.cpp */,
				952927F72458AABF00F229C0 /* Chap5.2_user_controled_do_while.cpp */,
				952927F82458AABF00F229C0 /* Chap5.3_Sentinel.cpp */,
				956C6153245206FC00C422D3 /* Chap4.7_Conditional Operator.cpp */,
				9543858A2452117C00734A26 /* Chap4.7_ConditionalOperator2.cpp */,
				956C61552452070200C422D3 /* Chap4.8_UserInputValidation.cpp */,
			);
			path = Notes;
			sourceTree = "<group>";
		};
		95E34D942462225F009084E1 /* Homework #4 */ = {
			isa = PBXGroup;
			children = (
				95F3F0A224623EEB00D8FB2E /* People.txt */,
				95F3F0A324623EEB00D8FB2E /* Random.txt */,
				95E34D952462228C009084E1 /* ocean levels.cpp */,
				95F3F0A424623F1B00D8FB2E /* Using Files - Numeric Processing.cpp */,
				9502A4EC24634A1300E1E7BE /* pennies for pay.cpp */,
				9502A4EE246373F100E1E7BE /* Square display.cpp */,
				9502A4F024637B3D00E1E7BE /* Star Display.cpp */,
			);
			path = "Homework #4";
			sourceTree = "<group>";
		};
/* End PBXGroup section */

/* Begin PBXNativeTarget section */
		95BF94D32449F819004C8113 /* CPP Course */ = {
			isa = PBXNativeTarget;
			buildConfigurationList = 95BF94DB2449F819004C8113 /* Build configuration list for PBXNativeTarget "CPP Course" */;
			buildPhases = (
				95BF94D02449F819004C8113 /* Sources */,
				95BF94D12449F819004C8113 /* Frameworks */,
				95BF94D22449F819004C8113 /* CopyFiles */,
			);
			buildRules = (
			);
			dependencies = (
			);
			name = "CPP Course";
			productName = "CPP Course";
			productReference = 95BF94D42449F819004C8113 /* CPP Course */;
			productType = "com.apple.product-type.tool";
		};
/* End PBXNativeTarget section */

/* Begin PBXProject section */
		95BF94CC2449F819004C8113 /* Project object */ = {
			isa = PBXProject;
			attributes = {
				LastUpgradeCheck = 1140;
				ORGANIZATIONNAME = "Lucas Dahl";
				TargetAttributes = {
					95BF94D32449F819004C8113 = {
						CreatedOnToolsVersion = 11.4.1;
					};
				};
			};
			buildConfigurationList = 95BF94CF2449F819004C8113 /* Build configuration list for PBXProject "CPP Course" */;
			compatibilityVersion = "Xcode 9.3";
			developmentRegion = en;
			hasScannedForEncodings = 0;
			knownRegions = (
				en,
				Base,
			);
			mainGroup = 95BF94CB2449F819004C8113;
			productRefGroup = 95BF94D52449F819004C8113 /* Products */;
			projectDirPath = "";
			projectRoot = "";
			targets = (
				95BF94D32449F819004C8113 /* CPP Course */,
			);
		};
/* End PBXProject section */

/* Begin PBXSourcesBuildPhase section */
		95BF94D02449F819004C8113 /* Sources */ = {
			isa = PBXSourcesBuildPhase;
			buildActionMask = 2147483647;
			files = (
				957FB8902461E00400E8CFE3 /* Chap5.9_TestFileOpen.cpp in Sources */,
				95438594245224AA00734A26 /* geometryCalculator.cpp in Sources */,
				95B86918245C997F0024960D /* quiz_14.cpp in Sources */,
				9508FBC1246080F400DB5020 /* Chap5.8_WriteToFile.cpp in Sources */,
				959FE94D2459F2CB00A093A4 /* Chap5.4_for_loop.cpp in Sources */,
				95BF94D82449F819004C8113 /* quiz_7.cpp in Sources */,
				956C61562452070200C422D3 /* Chap4.8_UserInputValidation.cpp in Sources */,
				956C6154245206FC00C422D3 /* Chap4.7_Conditional Operator.cpp in Sources */,
				95E34D962462228C009084E1 /* ocean levels.cpp in Sources */,
				952927FB2458AABF00F229C0 /* Chap5.3_Sentinel.cpp in Sources */,
				9502A4EF246373F100E1E7BE /* Square display.cpp in Sources */,
				95CFF2C92459E9C20057666A /* quiz_13.cpp in Sources */,
				952927F5245756FA00F229C0 /* quiz_11.cpp in Sources */,
				95B8691A245C9A280024960D /* Chap5.7_NestedLoop.cpp in Sources */,
				954385902452247300734A26 /* daysInAMonth.cpp in Sources */,
				959FE94C2459F2CB00A093A4 /* Chap5.6_for_loop_accumulator.cpp in Sources */,
				952927FA2458AABF00F229C0 /* Chap5.2_user_controled_do_while.cpp in Sources */,
				95EC987724609904003364FF /* quiz_15.cpp in Sources */,
				95E192272450FF3000F05A97 /* quiz_10.cpp in Sources */,
				954385922452248400734A26 /* bankCharges.cpp in Sources */,
				9512295F244DFFF500A375AA /* quiz_8.cpp in Sources */,
				957FB8932461E6B000E8CFE3 /* quiz_16.cpp in Sources */,
				959FE94B2459F2CB00A093A4 /* Chap5.5_User_controled_for.cpp in Sources */,
				9543858E2452245E00734A26 /* SoftwareSales.cpp in Sources */,
				952927F92458AABF00F229C0 /* Chap5_RunningTotal.cpp in Sources */,
				9543858B2452117C00734A26 /* Chap4.7_ConditionalOperator2.cpp in Sources */,
				95F3F0A524623F1B00D8FB2E /* Using Files - Numeric Processing.cpp in Sources */,
				9502A4ED24634A1300E1E7BE /* pennies for pay.cpp in Sources */,
				9502A4F124637B3D00E1E7BE /* Star Display.cpp in Sources */,
				95438596245224C200734A26 /* mobileServiceProviderPt1.cpp in Sources */,
				95438598245224EE00734A26 /* mobileServiceProviderPt2.cpp in Sources */,
				95328704244F908600190F1B /* quiz_9.cpp in Sources */,
				952927FD2458B45500F229C0 /* quiz_12.cpp in Sources */,
			);
			runOnlyForDeploymentPostprocessing = 0;
		};
/* End PBXSourcesBuildPhase section */

/* Begin XCBuildConfiguration section */
		95BF94D92449F819004C8113 /* Debug */ = {
			isa = XCBuildConfiguration;
			buildSettings = {
				ALWAYS_SEARCH_USER_PATHS = NO;
				CLANG_ANALYZER_NONNULL = YES;
				CLANG_ANALYZER_NUMBER_OBJECT_CONVERSION = YES_AGGRESSIVE;
				CLANG_CXX_LANGUAGE_STANDARD = "gnu++14";
				CLANG_CXX_LIBRARY = "libc++";
				CLANG_ENABLE_MODULES = YES;
				CLANG_ENABLE_OBJC_ARC = YES;
				CLANG_ENABLE_OBJC_WEAK = YES;
				CLANG_WARN_BLOCK_CAPTURE_AUTORELEASING = YES;
				CLANG_WARN_BOOL_CONVERSION = YES;
				CLANG_WARN_COMMA = YES;
				CLANG_WARN_CONSTANT_CONVERSION = YES;
				CLANG_WARN_DEPRECATED_OBJC_IMPLEMENTATIONS = YES;
				CLANG_WARN_DIRECT_OBJC_ISA_USAGE = YES_ERROR;
				CLANG_WARN_DOCUMENTATION_COMMENTS = YES;
				CLANG_WARN_EMPTY_BODY = YES;
				CLANG_WARN_ENUM_CONVERSION = YES;
				CLANG_WARN_INFINITE_RECURSION = YES;
				CLANG_WARN_INT_CONVERSION = YES;
				CLANG_WARN_NON_LITERAL_NULL_CONVERSION = YES;
				CLANG_WARN_OBJC_IMPLICIT_RETAIN_SELF = YES;
				CLANG_WARN_OBJC_LITERAL_CONVERSION = YES;
				CLANG_WARN_OBJC_ROOT_CLASS = YES_ERROR;
				CLANG_WARN_RANGE_LOOP_ANALYSIS = YES;
				CLANG_WARN_STRICT_PROTOTYPES = YES;
				CLANG_WARN_SUSPICIOUS_MOVE = YES;
				CLANG_WARN_UNGUARDED_AVAILABILITY = YES_AGGRESSIVE;
				CLANG_WARN_UNREACHABLE_CODE = YES;
				CLANG_WARN__DUPLICATE_METHOD_MATCH = YES;
				COPY_PHASE_STRIP = NO;
				DEBUG_INFORMATION_FORMAT = dwarf;
				ENABLE_STRICT_OBJC_MSGSEND = YES;
				ENABLE_TESTABILITY = YES;
				GCC_C_LANGUAGE_STANDARD = gnu11;
				GCC_DYNAMIC_NO_PIC = NO;
				GCC_NO_COMMON_BLOCKS = YES;
				GCC_OPTIMIZATION_LEVEL = 0;
				GCC_PREPROCESSOR_DEFINITIONS = (
					"DEBUG=1",
					"$(inherited)",
				);
				GCC_WARN_64_TO_32_BIT_CONVERSION = YES;
				GCC_WARN_ABOUT_RETURN_TYPE = YES_ERROR;
				GCC_WARN_UNDECLARED_SELECTOR = YES;
				GCC_WARN_UNINITIALIZED_AUTOS = YES_AGGRESSIVE;
				GCC_WARN_UNUSED_FUNCTION = YES;
				GCC_WARN_UNUSED_VARIABLE = YES;
				MACOSX_DEPLOYMENT_TARGET = 10.15;
				MTL_ENABLE_DEBUG_INFO = INCLUDE_SOURCE;
				MTL_FAST_MATH = YES;
				ONLY_ACTIVE_ARCH = YES;
				SDKROOT = macosx;
			};
			name = Debug;
		};
		95BF94DA2449F819004C8113 /* Release */ = {
			isa = XCBuildConfiguration;
			buildSettings = {
				ALWAYS_SEARCH_USER_PATHS = NO;
				CLANG_ANALYZER_NONNULL = YES;
				CLANG_ANALYZER_NUMBER_OBJECT_CONVERSION = YES_AGGRESSIVE;
				CLANG_CXX_LANGUAGE_STANDARD = "gnu++14";
				CLANG_CXX_LIBRARY = "libc++";
				CLANG_ENABLE_MODULES = YES;
				CLANG_ENABLE_OBJC_ARC = YES;
				CLANG_ENABLE_OBJC_WEAK = YES;
				CLANG_WARN_BLOCK_CAPTURE_AUTORELEASING = YES;
				CLANG_WARN_BOOL_CONVERSION = YES;
				CLANG_WARN_COMMA = YES;
				CLANG_WARN_CONSTANT_CONVERSION = YES;
				CLANG_WARN_DEPRECATED_OBJC_IMPLEMENTATIONS = YES;
				CLANG_WARN_DIRECT_OBJC_ISA_USAGE = YES_ERROR;
				CLANG_WARN_DOCUMENTATION_COMMENTS = YES;
				CLANG_WARN_EMPTY_BODY = YES;
				CLANG_WARN_ENUM_CONVERSION = YES;
				CLANG_WARN_INFINITE_RECURSION = YES;
				CLANG_WARN_INT_CONVERSION = YES;
				CLANG_WARN_NON_LITERAL_NULL_CONVERSION = YES;
				CLANG_WARN_OBJC_IMPLICIT_RETAIN_SELF = YES;
				CLANG_WARN_OBJC_LITERAL_CONVERSION = YES;
				CLANG_WARN_OBJC_ROOT_CLASS = YES_ERROR;
				CLANG_WARN_RANGE_LOOP_ANALYSIS = YES;
				CLANG_WARN_STRICT_PROTOTYPES = YES;
				CLANG_WARN_SUSPICIOUS_MOVE = YES;
				CLANG_WARN_UNGUARDED_AVAILABILITY = YES_AGGRESSIVE;
				CLANG_WARN_UNREACHABLE_CODE = YES;
				CLANG_WARN__DUPLICATE_METHOD_MATCH = YES;
				COPY_PHASE_STRIP = NO;
				DEBUG_INFORMATION_FORMAT = "dwarf-with-dsym";
				ENABLE_NS_ASSERTIONS = NO;
				ENABLE_STRICT_OBJC_MSGSEND = YES;
				GCC_C_LANGUAGE_STANDARD = gnu11;
				GCC_NO_COMMON_BLOCKS = YES;
				GCC_WARN_64_TO_32_BIT_CONVERSION = YES;
				GCC_WARN_ABOUT_RETURN_TYPE = YES_ERROR;
				GCC_WARN_UNDECLARED_SELECTOR = YES;
				GCC_WARN_UNINITIALIZED_AUTOS = YES_AGGRESSIVE;
				GCC_WARN_UNUSED_FUNCTION = YES;
				GCC_WARN_UNUSED_VARIABLE = YES;
				MACOSX_DEPLOYMENT_TARGET = 10.15;
				MTL_ENABLE_DEBUG_INFO = NO;
				MTL_FAST_MATH = YES;
				SDKROOT = macosx;
			};
			name = Release;
		};
		95BF94DC2449F819004C8113 /* Debug */ = {
			isa = XCBuildConfiguration;
			buildSettings = {
				CODE_SIGN_STYLE = Automatic;
				DEVELOPMENT_TEAM = CW7RK4BNJW;
				ENABLE_HARDENED_RUNTIME = YES;
				PRODUCT_NAME = "$(TARGET_NAME)";
			};
			name = Debug;
		};
		95BF94DD2449F819004C8113 /* Release */ = {
			isa = XCBuildConfiguration;
			buildSettings = {
				CODE_SIGN_STYLE = Automatic;
				DEVELOPMENT_TEAM = CW7RK4BNJW;
				ENABLE_HARDENED_RUNTIME = YES;
				PRODUCT_NAME = "$(TARGET_NAME)";
			};
			name = Release;
		};
/* End XCBuildConfiguration section */

/* Begin XCConfigurationList section */
		95BF94CF2449F819004C8113 /* Build configuration list for PBXProject "CPP Course" */ = {
			isa = XCConfigurationList;
			buildConfigurations = (
				95BF94D92449F819004C8113 /* Debug */,
				95BF94DA2449F819004C8113 /* Release */,
			);
			defaultConfigurationIsVisible = 0;
			defaultConfigurationName = Release;
		};
		95BF94DB2449F819004C8113 /* Build configuration list for PBXNativeTarget "CPP Course" */ = {
			isa = XCConfigurationList;
			buildConfigurations = (
				95BF94DC2449F819004C8113 /* Debug */,
				95BF94DD2449F819004C8113 /* Release */,
			);
			defaultConfigurationIsVisible = 0;
			defaultConfigurationName = Release;
		};
/* End XCConfigurationList section */
	};
	rootObject = 95BF94CC2449F819004C8113 /* Project object */;
}
